Microsoft Visual Studio Solution File, Format Version 11.00
# Visual Studio 2008

Project("{B3E8C7EC-FF83-A6D1-9C22-E60ED31C4C9F}") = "unity_2d_test_Start", "Assembly-CSharp.csproj", "{49B01E18-4550-2AB1-340F-05DD7E992D2F}"
EndProject
Global
	GlobalSection(SolutionConfigurationPlatforms) = preSolution
		Debug|Any CPU = Debug|Any CPU
		Release|Any CPU = Release|Any CPU
	EndGlobalSection
	GlobalSection(ProjectConfigurationPlatforms) = postSolution
		{49B01E18-4550-2AB1-340F-05DD7E992D2F}.Debug|Any CPU.ActiveCfg = Debug|Any CPU
		{49B01E18-4550-2AB1-340F-05DD7E992D2F}.Debug|Any CPU.Build.0 = Debug|Any CPU
		{49B01E18-4550-2AB1-340F-05DD7E992D2F}.Release|Any CPU.ActiveCfg = Release|Any CPU
		{49B01E18-4550-2AB1-340F-05DD7E992D2F}.Release|Any CPU.Build.0 = Release|Any CPU
	EndGlobalSection
	GlobalSection(SolutionProperties) = preSolution
		HideSolutionNode = FALSE
	EndGlobalSection
	GlobalSection(MonoDevelopProperties) = preSolution
		StartupItem = Assembly-CSharp.csproj
	EndGlobalSection
EndGlobal
